# This file is automatically @generated by Cargo.
# It is not intended for manual editing.
version = 3

[[package]]
name = "birdc"
version = "0.1.0"
dependencies = [
 "c_formatter",
]

[[package]]
name = "c_formatter"
version = "0.1.0"
source = "git+https://github.com/Slazaa/C-Formatter#a91964a0977c407cd1b210dba6019cce1debf2c5"
